
Microsoft Visual Studio Solution File, Format Version 12.00
# Visual Studio Version 16
VisualStudioVersion = 16.0.29215.179
MinimumVisualStudioVersion = 10.0.40219.1
Project("{FAE04EC0-301F-11D3-BF4B-00C04F79EFBC}") = "OpenGL2D", "OpenGL2D\OpenGL2D.csproj", "{73AC7156-259A-45A0-A682-F99403CEA571}"
EndProject
Global
	GlobalSection(SolutionConfigurationPlatforms) = preSolution
		Debug|Any CPU = Debug|Any CPU
		Release|Any CPU = Release|Any CPU
	EndGlobalSection
	GlobalSection(ProjectConfigurationPlatforms) = postSolution
		{73AC7156-259A-45A0-A682-F99403CEA571}.Debug|Any CPU.ActiveCfg = Debug|Any CPU
		{73AC7156-259A-45A0-A682-F99403CEA571}.Debug|Any CPU.Build.0 = Debug|Any CPU
		{73AC7156-259A-45A0-A682-F99403CEA571}.Release|Any CPU.ActiveCfg = Release|Any CPU
		{73AC7156-259A-45A0-A682-F99403CEA571}.Release|Any CPU.Build.0 = Release|Any CPU
	EndGlobalSection
	GlobalSection(SolutionProperties) = preSolution
		HideSolutionNode = FALSE
	EndGlobalSection
	GlobalSection(ExtensibilityGlobals) = postSolution
		SolutionGuid = {6ECEAAF1-7806-4C26-BAA5-F6A2EE79AD7C}
	EndGlobalSection
EndGlobal
